NeoBundleLock ctrlp.vim 2868678a987834563bbc384763135462c2423eb8
NeoBundleLock neobundle.vim 88951d60547595606ea0ca8f28f643d2506f2714
NeoBundleLock neosnippet-snippets 4431bf176650696d5a8dd93814812afd0d06212c
NeoBundleLock neosnippet.vim c179a51f024e27edf4354a52ff8b9fa69c4c803c
NeoBundleLock vim-colorschemes b8dff40f69f1873effbed97c759a8452ecb240ed
NeoBundleLock vim-fugitive b754bc2031f21a532c083dd0d072ba373bbe3a37
NeoBundleLock vimshell 3787e52766812d8b99a93ccdda57517bc2a0bab6
